
Microsoft Visual Studio Solution File, Format Version 12.00
# Visual Studio Version 17
VisualStudioVersion = 17.3.32929.385
MinimumVisualStudioVersion = 10.0.40219.1
Project("{FAE04EC0-301F-11D3-BF4B-00C04F79EFBC}") = "Game15", "Game15\Game15.csproj", "{51CD6090-0DC5-47AB-AF9B-6B55FC3F7343}"
EndProject
Project("{2150E333-8FDC-42A3-9474-1A3956D46DE8}") = "Solution Items", "Solution Items", "{67198D40-FE77-4635-ADFD-497BB470A097}"
	ProjectSection(SolutionItems) = preProject
		Icon1.ico = Icon1.ico
	EndProjectSection
EndProject
Global
	GlobalSection(SolutionConfigurationPlatforms) = preSolution
		Debug|Any CPU = Debug|Any CPU
		Release|Any CPU = Release|Any CPU
	EndGlobalSection
	GlobalSection(ProjectConfigurationPlatforms) = postSolution
		{51CD6090-0DC5-47AB-AF9B-6B55FC3F7343}.Debug|Any CPU.ActiveCfg = Debug|Any CPU
		{51CD6090-0DC5-47AB-AF9B-6B55FC3F7343}.Debug|Any CPU.Build.0 = Debug|Any CPU
		{51CD6090-0DC5-47AB-AF9B-6B55FC3F7343}.Release|Any CPU.ActiveCfg = Release|Any CPU
		{51CD6090-0DC5-47AB-AF9B-6B55FC3F7343}.Release|Any CPU.Build.0 = Release|Any CPU
	EndGlobalSection
	GlobalSection(SolutionProperties) = preSolution
		HideSolutionNode = FALSE
	EndGlobalSection
	GlobalSection(ExtensibilityGlobals) = postSolution
		SolutionGuid = {C0E7B60E-04B7-4897-878F-AB6E05517BE2}
	EndGlobalSection
EndGlobal
